
Microsoft Visual Studio Solution File, Format Version 12.00
Project("{FAE04EC0-301F-11D3-BF4B-00C04F79EFBC}") = "NetworkingTest", "NetworkingTest\NetworkingTest.csproj", "{3356CA1E-03DB-417D-9BDF-16D6759153E0}"
EndProject
Project("{FAE04EC0-301F-11D3-BF4B-00C04F79EFBC}") = "NetworkingTestReceiver", "NetworkingTestReceiver\NetworkingTestReceiver.csproj", "{63C7F82B-F65C-4066-AA08-6392C00BBD5C}"
EndProject
Global
	GlobalSection(SolutionConfigurationPlatforms) = preSolution
		Debug|Any CPU = Debug|Any CPU
		Release|Any CPU = Release|Any CPU
	EndGlobalSection
	GlobalSection(ProjectConfigurationPlatforms) = postSolution
		{3356CA1E-03DB-417D-9BDF-16D6759153E0}.Debug|Any CPU.ActiveCfg = Debug|Any CPU
		{3356CA1E-03DB-417D-9BDF-16D6759153E0}.Debug|Any CPU.Build.0 = Debug|Any CPU
		{3356CA1E-03DB-417D-9BDF-16D6759153E0}.Release|Any CPU.ActiveCfg = Release|Any CPU
		{3356CA1E-03DB-417D-9BDF-16D6759153E0}.Release|Any CPU.Build.0 = Release|Any CPU
		{63C7F82B-F65C-4066-AA08-6392C00BBD5C}.Debug|Any CPU.ActiveCfg = Debug|Any CPU
		{63C7F82B-F65C-4066-AA08-6392C00BBD5C}.Debug|Any CPU.Build.0 = Debug|Any CPU
		{63C7F82B-F65C-4066-AA08-6392C00BBD5C}.Release|Any CPU.ActiveCfg = Release|Any CPU
		{63C7F82B-F65C-4066-AA08-6392C00BBD5C}.Release|Any CPU.Build.0 = Release|Any CPU
	EndGlobalSection
EndGlobal
